
Microsoft Visual Studio Solution File, Format Version 12.00
# Visual Studio 15
VisualStudioVersion = 15.0.27703.2026
MinimumVisualStudioVersion = 10.0.40219.1
Project("{FAE04EC0-301F-11D3-BF4B-00C04F79EFBC}") = "Pamaf", "Pamaf\Pamaf.csproj", "{DCB79325-FDBB-41A3-99AB-0D4348B8DC08}"
EndProject
Global
	GlobalSection(SolutionConfigurationPlatforms) = preSolution
		Debug|Any CPU = Debug|Any CPU
		Release|Any CPU = Release|Any CPU
	EndGlobalSection
	GlobalSection(ProjectConfigurationPlatforms) = postSolution
		{DCB79325-FDBB-41A3-99AB-0D4348B8DC08}.Debug|Any CPU.ActiveCfg = Debug|Any CPU
		{DCB79325-FDBB-41A3-99AB-0D4348B8DC08}.Debug|Any CPU.Build.0 = Debug|Any CPU
		{DCB79325-FDBB-41A3-99AB-0D4348B8DC08}.Release|Any CPU.ActiveCfg = Release|Any CPU
		{DCB79325-FDBB-41A3-99AB-0D4348B8DC08}.Release|Any CPU.Build.0 = Release|Any CPU
	EndGlobalSection
	GlobalSection(SolutionProperties) = preSolution
		HideSolutionNode = FALSE
	EndGlobalSection
	GlobalSection(ExtensibilityGlobals) = postSolution
		SolutionGuid = {868A100D-E86F-47A8-8727-00312BE8A160}
	EndGlobalSection
EndGlobal
